
Microsoft Visual Studio Solution File, Format Version 12.00
# Visual Studio Version 16
VisualStudioVersion = 16.0.31624.102
MinimumVisualStudioVersion = 10.0.40219.1
Project("{FAE04EC0-301F-11D3-BF4B-00C04F79EFBC}") = "HelloWorld", "HelloWorld\HelloWorld.csproj", "{09E59FC7-5419-4D7E-9734-0B62F9A9F1FF}"
EndProject
Global
	GlobalSection(SolutionConfigurationPlatforms) = preSolution
		Debug|Any CPU = Debug|Any CPU
		Release|Any CPU = Release|Any CPU
	EndGlobalSection
	GlobalSection(ProjectConfigurationPlatforms) = postSolution
		{09E59FC7-5419-4D7E-9734-0B62F9A9F1FF}.Debug|Any CPU.ActiveCfg = Debug|Any CPU
		{09E59FC7-5419-4D7E-9734-0B62F9A9F1FF}.Debug|Any CPU.Build.0 = Debug|Any CPU
		{09E59FC7-5419-4D7E-9734-0B62F9A9F1FF}.Release|Any CPU.ActiveCfg = Release|Any CPU
		{09E59FC7-5419-4D7E-9734-0B62F9A9F1FF}.Release|Any CPU.Build.0 = Release|Any CPU
	EndGlobalSection
	GlobalSection(SolutionProperties) = preSolution
		HideSolutionNode = FALSE
	EndGlobalSection
	GlobalSection(ExtensibilityGlobals) = postSolution
		SolutionGuid = {390375C2-08EC-435A-8513-FA4E70E27FBC}
	EndGlobalSection
EndGlobal
